
Microsoft Visual Studio Solution File, Format Version 12.00
# Visual Studio Version 17
VisualStudioVersion = 17.1.32414.318
MinimumVisualStudioVersion = 10.0.40219.1
Project("{FAE04EC0-301F-11D3-BF4B-00C04F79EFBC}") = "Connect4", "Connect4\Connect4.csproj", "{9DD70808-DF19-403F-ACFD-C0DCA04F52E1}"
EndProject
Global
	GlobalSection(SolutionConfigurationPlatforms) = preSolution
		Debug|Any CPU = Debug|Any CPU
		Release|Any CPU = Release|Any CPU
	EndGlobalSection
	GlobalSection(ProjectConfigurationPlatforms) = postSolution
		{9DD70808-DF19-403F-ACFD-C0DCA04F52E1}.Debug|Any CPU.ActiveCfg = Debug|Any CPU
		{9DD70808-DF19-403F-ACFD-C0DCA04F52E1}.Debug|Any CPU.Build.0 = Debug|Any CPU
		{9DD70808-DF19-403F-ACFD-C0DCA04F52E1}.Release|Any CPU.ActiveCfg = Release|Any CPU
		{9DD70808-DF19-403F-ACFD-C0DCA04F52E1}.Release|Any CPU.Build.0 = Release|Any CPU
	EndGlobalSection
	GlobalSection(SolutionProperties) = preSolution
		HideSolutionNode = FALSE
	EndGlobalSection
	GlobalSection(ExtensibilityGlobals) = postSolution
		SolutionGuid = {54D1AFAC-5D89-434F-9128-E69337A8E0E4}
	EndGlobalSection
EndGlobal
