
Microsoft Visual Studio Solution File, Format Version 12.00
# Visual Studio Version 17
VisualStudioVersion = 17.1.32414.318
MinimumVisualStudioVersion = 10.0.40219.1
Project("{FAE04EC0-301F-11D3-BF4B-00C04F79EFBC}") = "OUCC", "OUCC\OUCC.csproj", "{93938988-1F44-4577-809A-2650958BD1A3}"
EndProject
Global
	GlobalSection(SolutionConfigurationPlatforms) = preSolution
		Debug|Any CPU = Debug|Any CPU
		Release|Any CPU = Release|Any CPU
	EndGlobalSection
	GlobalSection(ProjectConfigurationPlatforms) = postSolution
		{93938988-1F44-4577-809A-2650958BD1A3}.Debug|Any CPU.ActiveCfg = Debug|Any CPU
		{93938988-1F44-4577-809A-2650958BD1A3}.Debug|Any CPU.Build.0 = Debug|Any CPU
		{93938988-1F44-4577-809A-2650958BD1A3}.Release|Any CPU.ActiveCfg = Release|Any CPU
		{93938988-1F44-4577-809A-2650958BD1A3}.Release|Any CPU.Build.0 = Release|Any CPU
	EndGlobalSection
	GlobalSection(SolutionProperties) = preSolution
		HideSolutionNode = FALSE
	EndGlobalSection
	GlobalSection(ExtensibilityGlobals) = postSolution
		SolutionGuid = {380C0A81-F837-40C8-9DF8-AD2F72EDE56B}
	EndGlobalSection
EndGlobal
