
Microsoft Visual Studio Solution File, Format Version 12.00
# Visual Studio Version 17
VisualStudioVersion = 17.3.32819.101
MinimumVisualStudioVersion = 10.0.40219.1
Project("{9A19103F-16F7-4668-BE54-9A1E7A4F7556}") = "15-CinemaTickets", "15-CinemaTickets\15-CinemaTickets.csproj", "{BE3911C6-6F2F-40A9-8A34-1CED88757251}"
EndProject
Project("{9A19103F-16F7-4668-BE54-9A1E7A4F7556}") = "13-TemperatureConversion", "13-TemperatureConversion\13-TemperatureConversion.csproj", "{478D8635-DBF3-4F0E-B308-6314833207B9}"
EndProject
Project("{9A19103F-16F7-4668-BE54-9A1E7A4F7556}") = "15H-Errors", "15H-Errors\15H-Errors.csproj", "{7B62C0CE-84F3-46CD-AF15-263033C9374A}"
EndProject
Project("{9A19103F-16F7-4668-BE54-9A1E7A4F7556}") = "20-CardGame", "20-CardGame\20-CardGame.csproj", "{277C8E50-E3F4-4F0B-ADA0-A4D56DB95921}"
EndProject
Project("{9A19103F-16F7-4668-BE54-9A1E7A4F7556}") = "22-2NumberGuess", "22-NumberGuess\22-2NumberGuess.csproj", "{4AA264CD-7EF3-40FB-954E-02E27E1D119F}"
EndProject
Project("{9A19103F-16F7-4668-BE54-9A1E7A4F7556}") = "22-1TimesTables", "22-TimesTables\22-1TimesTables.csproj", "{F9573F0C-C707-41CC-BE03-99155ED2FBA0}"
EndProject
Project("{9A19103F-16F7-4668-BE54-9A1E7A4F7556}") = "22H-MathsQuiz", "22H-MathsQuiz\22H-MathsQuiz.csproj", "{7E196256-2F22-4864-8A9D-F3283D2B57E1}"
EndProject
Project("{9A19103F-16F7-4668-BE54-9A1E7A4F7556}") = "27-SpaceName", "27-SpaceName\27-SpaceName.csproj", "{BA4A5E81-25E5-4364-9C92-9F2ED3FA279B}"
EndProject
Project("{9A19103F-16F7-4668-BE54-9A1E7A4F7556}") = "27-StringCheck", "27-StringCheck\27-StringCheck.csproj", "{1D1622C4-6891-4D6A-B3B6-E1D9BD77C15A}"
EndProject
Project("{FAE04EC0-301F-11D3-BF4B-00C04F79EFBC}") = "29-1ReduceNumber", "29-ReduceNumber\29-1ReduceNumber.csproj", "{77C975E5-EB77-471A-BC84-B1EA5B1B3B4F}"
EndProject
Project("{FAE04EC0-301F-11D3-BF4B-00C04F79EFBC}") = "29-2FibonnaciGen", "FibonnaciGen\29-2FibonnaciGen.csproj", "{F5DE17BD-97B7-4446-A31C-64D45FECCF26}"
EndProject
Project("{FAE04EC0-301F-11D3-BF4B-00C04F79EFBC}") = "29-3LetterCounter", "29-3LetterCounter\29-3LetterCounter.csproj", "{A18D27B7-DB70-4547-B979-9C0798CF7B4F}"
EndProject
Project("{FAE04EC0-301F-11D3-BF4B-00C04F79EFBC}") = "29-4ColouredTriangles", "29-4ColouredTriangles[\29-4ColouredTriangles.csproj", "{53FE7653-FD9E-4296-BBE5-6D1F467020F3}"
EndProject
Global
	GlobalSection(SolutionConfigurationPlatforms) = preSolution
		Debug|Any CPU = Debug|Any CPU
		Release|Any CPU = Release|Any CPU
	EndGlobalSection
	GlobalSection(ProjectConfigurationPlatforms) = postSolution
		{BE3911C6-6F2F-40A9-8A34-1CED88757251}.Debug|Any CPU.ActiveCfg = Debug|Any CPU
		{BE3911C6-6F2F-40A9-8A34-1CED88757251}.Debug|Any CPU.Build.0 = Debug|Any CPU
		{BE3911C6-6F2F-40A9-8A34-1CED88757251}.Release|Any CPU.ActiveCfg = Release|Any CPU
		{BE3911C6-6F2F-40A9-8A34-1CED88757251}.Release|Any CPU.Build.0 = Release|Any CPU
		{478D8635-DBF3-4F0E-B308-6314833207B9}.Debug|Any CPU.ActiveCfg = Debug|Any CPU
		{478D8635-DBF3-4F0E-B308-6314833207B9}.Debug|Any CPU.Build.0 = Debug|Any CPU
		{478D8635-DBF3-4F0E-B308-6314833207B9}.Release|Any CPU.ActiveCfg = Release|Any CPU
		{478D8635-DBF3-4F0E-B308-6314833207B9}.Release|Any CPU.Build.0 = Release|Any CPU
		{7B62C0CE-84F3-46CD-AF15-263033C9374A}.Debug|Any CPU.ActiveCfg = Debug|Any CPU
		{7B62C0CE-84F3-46CD-AF15-263033C9374A}.Debug|Any CPU.Build.0 = Debug|Any CPU
		{7B62C0CE-84F3-46CD-AF15-263033C9374A}.Release|Any CPU.ActiveCfg = Release|Any CPU
		{7B62C0CE-84F3-46CD-AF15-263033C9374A}.Release|Any CPU.Build.0 = Release|Any CPU
		{277C8E50-E3F4-4F0B-ADA0-A4D56DB95921}.Debug|Any CPU.ActiveCfg = Debug|Any CPU
		{277C8E50-E3F4-4F0B-ADA0-A4D56DB95921}.Debug|Any CPU.Build.0 = Debug|Any CPU
		{277C8E50-E3F4-4F0B-ADA0-A4D56DB95921}.Release|Any CPU.ActiveCfg = Release|Any CPU
		{277C8E50-E3F4-4F0B-ADA0-A4D56DB95921}.Release|Any CPU.Build.0 = Release|Any CPU
		{4AA264CD-7EF3-40FB-954E-02E27E1D119F}.Debug|Any CPU.ActiveCfg = Debug|Any CPU
		{4AA264CD-7EF3-40FB-954E-02E27E1D119F}.Debug|Any CPU.Build.0 = Debug|Any CPU
		{4AA264CD-7EF3-40FB-954E-02E27E1D119F}.Release|Any CPU.ActiveCfg = Release|Any CPU
		{4AA264CD-7EF3-40FB-954E-02E27E1D119F}.Release|Any CPU.Build.0 = Release|Any CPU
		{F9573F0C-C707-41CC-BE03-99155ED2FBA0}.Debug|Any CPU.ActiveCfg = Debug|Any CPU
		{F9573F0C-C707-41CC-BE03-99155ED2FBA0}.Debug|Any CPU.Build.0 = Debug|Any CPU
		{F9573F0C-C707-41CC-BE03-99155ED2FBA0}.Release|Any CPU.ActiveCfg = Release|Any CPU
		{F9573F0C-C707-41CC-BE03-99155ED2FBA0}.Release|Any CPU.Build.0 = Release|Any CPU
		{7E196256-2F22-4864-8A9D-F3283D2B57E1}.Debug|Any CPU.ActiveCfg = Debug|Any CPU
		{7E196256-2F22-4864-8A9D-F3283D2B57E1}.Debug|Any CPU.Build.0 = Debug|Any CPU
		{7E196256-2F22-4864-8A9D-F3283D2B57E1}.Release|Any CPU.ActiveCfg = Release|Any CPU
		{7E196256-2F22-4864-8A9D-F3283D2B57E1}.Release|Any CPU.Build.0 = Release|Any CPU
		{BA4A5E81-25E5-4364-9C92-9F2ED3FA279B}.Debug|Any CPU.ActiveCfg = Debug|Any CPU
		{BA4A5E81-25E5-4364-9C92-9F2ED3FA279B}.Debug|Any CPU.Build.0 = Debug|Any CPU
		{BA4A5E81-25E5-4364-9C92-9F2ED3FA279B}.Release|Any CPU.ActiveCfg = Release|Any CPU
		{BA4A5E81-25E5-4364-9C92-9F2ED3FA279B}.Release|Any CPU.Build.0 = Release|Any CPU
		{1D1622C4-6891-4D6A-B3B6-E1D9BD77C15A}.Debug|Any CPU.ActiveCfg = Debug|Any CPU
		{1D1622C4-6891-4D6A-B3B6-E1D9BD77C15A}.Debug|Any CPU.Build.0 = Debug|Any CPU
		{1D1622C4-6891-4D6A-B3B6-E1D9BD77C15A}.Release|Any CPU.ActiveCfg = Release|Any CPU
		{1D1622C4-6891-4D6A-B3B6-E1D9BD77C15A}.Release|Any CPU.Build.0 = Release|Any CPU
		{77C975E5-EB77-471A-BC84-B1EA5B1B3B4F}.Debug|Any CPU.ActiveCfg = Debug|Any CPU
		{77C975E5-EB77-471A-BC84-B1EA5B1B3B4F}.Debug|Any CPU.Build.0 = Debug|Any CPU
		{77C975E5-EB77-471A-BC84-B1EA5B1B3B4F}.Release|Any CPU.ActiveCfg = Release|Any CPU
		{77C975E5-EB77-471A-BC84-B1EA5B1B3B4F}.Release|Any CPU.Build.0 = Release|Any CPU
		{F5DE17BD-97B7-4446-A31C-64D45FECCF26}.Debug|Any CPU.ActiveCfg = Debug|Any CPU
		{F5DE17BD-97B7-4446-A31C-64D45FECCF26}.Debug|Any CPU.Build.0 = Debug|Any CPU
		{F5DE17BD-97B7-4446-A31C-64D45FECCF26}.Release|Any CPU.ActiveCfg = Release|Any CPU
		{F5DE17BD-97B7-4446-A31C-64D45FECCF26}.Release|Any CPU.Build.0 = Release|Any CPU
		{A18D27B7-DB70-4547-B979-9C0798CF7B4F}.Debug|Any CPU.ActiveCfg = Debug|Any CPU
		{A18D27B7-DB70-4547-B979-9C0798CF7B4F}.Debug|Any CPU.Build.0 = Debug|Any CPU
		{A18D27B7-DB70-4547-B979-9C0798CF7B4F}.Release|Any CPU.ActiveCfg = Release|Any CPU
		{A18D27B7-DB70-4547-B979-9C0798CF7B4F}.Release|Any CPU.Build.0 = Release|Any CPU
		{53FE7653-FD9E-4296-BBE5-6D1F467020F3}.Debug|Any CPU.ActiveCfg = Debug|Any CPU
		{53FE7653-FD9E-4296-BBE5-6D1F467020F3}.Debug|Any CPU.Build.0 = Debug|Any CPU
		{53FE7653-FD9E-4296-BBE5-6D1F467020F3}.Release|Any CPU.ActiveCfg = Release|Any CPU
		{53FE7653-FD9E-4296-BBE5-6D1F467020F3}.Release|Any CPU.Build.0 = Release|Any CPU
	EndGlobalSection
	GlobalSection(SolutionProperties) = preSolution
		HideSolutionNode = FALSE
	EndGlobalSection
	GlobalSection(ExtensibilityGlobals) = postSolution
		SolutionGuid = {FE788D14-98A7-4250-900E-4F217AB83CE9}
	EndGlobalSection
EndGlobal
