
Microsoft Visual Studio Solution File, Format Version 12.00
# Visual Studio Version 17
VisualStudioVersion = 17.1.32414.318
MinimumVisualStudioVersion = 10.0.40219.1
Project("{FAE04EC0-301F-11D3-BF4B-00C04F79EFBC}") = "Calculator", "Calculator\Calculator.csproj", "{CD9129EB-832C-4D98-85E8-245C0FAF0B5A}"
EndProject
Project("{FAE04EC0-301F-11D3-BF4B-00C04F79EFBC}") = "GuessingGame", "GuessingGame\GuessingGame.csproj", "{B08A9BC6-C94C-4F8C-8152-4931D16A8EF2}"
EndProject
Project("{FAE04EC0-301F-11D3-BF4B-00C04F79EFBC}") = "TicTacToe", "TicTacToe\TicTacToe.csproj", "{2974128D-3744-4ECC-9010-32E26E7E92B0}"
EndProject
Project("{FAE04EC0-301F-11D3-BF4B-00C04F79EFBC}") = "BlackJackGUI", "CardGameGUI\BlackJackGUI.csproj", "{8551FA32-DD25-4D86-BEF9-AE6FB353253C}"
EndProject
Project("{FAE04EC0-301F-11D3-BF4B-00C04F79EFBC}") = "MasterMind", "MasterMind\MasterMind.csproj", "{DC1FD030-658C-4026-B05A-439111AD099F}"
EndProject
Global
	GlobalSection(SolutionConfigurationPlatforms) = preSolution
		Debug|Any CPU = Debug|Any CPU
		Release|Any CPU = Release|Any CPU
	EndGlobalSection
	GlobalSection(ProjectConfigurationPlatforms) = postSolution
		{CD9129EB-832C-4D98-85E8-245C0FAF0B5A}.Debug|Any CPU.ActiveCfg = Debug|Any CPU
		{CD9129EB-832C-4D98-85E8-245C0FAF0B5A}.Debug|Any CPU.Build.0 = Debug|Any CPU
		{CD9129EB-832C-4D98-85E8-245C0FAF0B5A}.Release|Any CPU.ActiveCfg = Release|Any CPU
		{CD9129EB-832C-4D98-85E8-245C0FAF0B5A}.Release|Any CPU.Build.0 = Release|Any CPU
		{B08A9BC6-C94C-4F8C-8152-4931D16A8EF2}.Debug|Any CPU.ActiveCfg = Debug|Any CPU
		{B08A9BC6-C94C-4F8C-8152-4931D16A8EF2}.Debug|Any CPU.Build.0 = Debug|Any CPU
		{B08A9BC6-C94C-4F8C-8152-4931D16A8EF2}.Release|Any CPU.ActiveCfg = Release|Any CPU
		{B08A9BC6-C94C-4F8C-8152-4931D16A8EF2}.Release|Any CPU.Build.0 = Release|Any CPU
		{2974128D-3744-4ECC-9010-32E26E7E92B0}.Debug|Any CPU.ActiveCfg = Debug|Any CPU
		{2974128D-3744-4ECC-9010-32E26E7E92B0}.Debug|Any CPU.Build.0 = Debug|Any CPU
		{2974128D-3744-4ECC-9010-32E26E7E92B0}.Release|Any CPU.ActiveCfg = Release|Any CPU
		{2974128D-3744-4ECC-9010-32E26E7E92B0}.Release|Any CPU.Build.0 = Release|Any CPU
		{8551FA32-DD25-4D86-BEF9-AE6FB353253C}.Debug|Any CPU.ActiveCfg = Debug|Any CPU
		{8551FA32-DD25-4D86-BEF9-AE6FB353253C}.Debug|Any CPU.Build.0 = Debug|Any CPU
		{8551FA32-DD25-4D86-BEF9-AE6FB353253C}.Release|Any CPU.ActiveCfg = Release|Any CPU
		{8551FA32-DD25-4D86-BEF9-AE6FB353253C}.Release|Any CPU.Build.0 = Release|Any CPU
		{DC1FD030-658C-4026-B05A-439111AD099F}.Debug|Any CPU.ActiveCfg = Debug|Any CPU
		{DC1FD030-658C-4026-B05A-439111AD099F}.Debug|Any CPU.Build.0 = Debug|Any CPU
		{DC1FD030-658C-4026-B05A-439111AD099F}.Release|Any CPU.ActiveCfg = Release|Any CPU
		{DC1FD030-658C-4026-B05A-439111AD099F}.Release|Any CPU.Build.0 = Release|Any CPU
	EndGlobalSection
	GlobalSection(SolutionProperties) = preSolution
		HideSolutionNode = FALSE
	EndGlobalSection
	GlobalSection(ExtensibilityGlobals) = postSolution
		SolutionGuid = {0E7BE3B9-BE94-4247-A801-BE901185BC55}
	EndGlobalSection
EndGlobal
