
Microsoft Visual Studio Solution File, Format Version 12.00
# Visual Studio Version 17
VisualStudioVersion = 17.3.32901.215
MinimumVisualStudioVersion = 10.0.40219.1
Project("{9A19103F-16F7-4668-BE54-9A1E7A4F7556}") = "01-1PalindromeChecker", "01-1PalindromeChecker\01-1PalindromeChecker.csproj", "{FBC90FA3-8812-4BFF-B07B-83445D4D82CB}"
EndProject
Project("{9A19103F-16F7-4668-BE54-9A1E7A4F7556}") = "07-1FrequencyAnalysis", "07-1FrequencyAnalysis\07-1FrequencyAnalysis.csproj", "{00D55972-78B3-497D-AAE5-009A3064E7C6}"
EndProject
Project("{9A19103F-16F7-4668-BE54-9A1E7A4F7556}") = "07-2RC4Vernam", "07-2RC4Vernam\07-2RC4Vernam.csproj", "{FDB87041-7AD9-47D4-BAD4-0B96771E1515}"
EndProject
Project("{9A19103F-16F7-4668-BE54-9A1E7A4F7556}") = "08-1BaseConversions", "08-1BaseConversions\08-1BaseConversions.csproj", "{571ACDE9-A202-4732-A5B6-6CB4D44334A6}"
EndProject
Project("{FAE04EC0-301F-11D3-BF4B-00C04F79EFBC}") = "15-1MeasurementConversion", "15-1MeasurementConversion\15-1MeasurementConversion.csproj", "{FEF3F7C8-133D-4B17-A1DA-60D9ABEBF35F}"
EndProject
Global
	GlobalSection(SolutionConfigurationPlatforms) = preSolution
		Debug|Any CPU = Debug|Any CPU
		Release|Any CPU = Release|Any CPU
	EndGlobalSection
	GlobalSection(ProjectConfigurationPlatforms) = postSolution
		{FBC90FA3-8812-4BFF-B07B-83445D4D82CB}.Debug|Any CPU.ActiveCfg = Debug|Any CPU
		{FBC90FA3-8812-4BFF-B07B-83445D4D82CB}.Debug|Any CPU.Build.0 = Debug|Any CPU
		{FBC90FA3-8812-4BFF-B07B-83445D4D82CB}.Release|Any CPU.ActiveCfg = Release|Any CPU
		{FBC90FA3-8812-4BFF-B07B-83445D4D82CB}.Release|Any CPU.Build.0 = Release|Any CPU
		{00D55972-78B3-497D-AAE5-009A3064E7C6}.Debug|Any CPU.ActiveCfg = Debug|Any CPU
		{00D55972-78B3-497D-AAE5-009A3064E7C6}.Debug|Any CPU.Build.0 = Debug|Any CPU
		{00D55972-78B3-497D-AAE5-009A3064E7C6}.Release|Any CPU.ActiveCfg = Release|Any CPU
		{00D55972-78B3-497D-AAE5-009A3064E7C6}.Release|Any CPU.Build.0 = Release|Any CPU
		{FDB87041-7AD9-47D4-BAD4-0B96771E1515}.Debug|Any CPU.ActiveCfg = Debug|Any CPU
		{FDB87041-7AD9-47D4-BAD4-0B96771E1515}.Debug|Any CPU.Build.0 = Debug|Any CPU
		{FDB87041-7AD9-47D4-BAD4-0B96771E1515}.Release|Any CPU.ActiveCfg = Release|Any CPU
		{FDB87041-7AD9-47D4-BAD4-0B96771E1515}.Release|Any CPU.Build.0 = Release|Any CPU
		{571ACDE9-A202-4732-A5B6-6CB4D44334A6}.Debug|Any CPU.ActiveCfg = Debug|Any CPU
		{571ACDE9-A202-4732-A5B6-6CB4D44334A6}.Debug|Any CPU.Build.0 = Debug|Any CPU
		{571ACDE9-A202-4732-A5B6-6CB4D44334A6}.Release|Any CPU.ActiveCfg = Release|Any CPU
		{571ACDE9-A202-4732-A5B6-6CB4D44334A6}.Release|Any CPU.Build.0 = Release|Any CPU
		{FEF3F7C8-133D-4B17-A1DA-60D9ABEBF35F}.Debug|Any CPU.ActiveCfg = Debug|Any CPU
		{FEF3F7C8-133D-4B17-A1DA-60D9ABEBF35F}.Debug|Any CPU.Build.0 = Debug|Any CPU
		{FEF3F7C8-133D-4B17-A1DA-60D9ABEBF35F}.Release|Any CPU.ActiveCfg = Release|Any CPU
		{FEF3F7C8-133D-4B17-A1DA-60D9ABEBF35F}.Release|Any CPU.Build.0 = Release|Any CPU
	EndGlobalSection
	GlobalSection(SolutionProperties) = preSolution
		HideSolutionNode = FALSE
	EndGlobalSection
	GlobalSection(ExtensibilityGlobals) = postSolution
		SolutionGuid = {4C266DC4-6850-4C29-BC33-69DE0838EDE6}
	EndGlobalSection
EndGlobal
