
Microsoft Visual Studio Solution File, Format Version 12.00
# Visual Studio Version 17
VisualStudioVersion = 17.1.32414.318
MinimumVisualStudioVersion = 10.0.40219.1
Project("{9A19103F-16F7-4668-BE54-9A1E7A4F7556}") = "BankInheritance", "BankInheritance\BankInheritance.csproj", "{57F35495-2ECA-42A5-A025-86F4FF77CFF6}"
EndProject
Project("{9A19103F-16F7-4668-BE54-9A1E7A4F7556}") = "CardGames", "BlackjackHand\CardGames.csproj", "{8E7C9A65-6438-4CE8-8B30-55EFACB7BE35}"
EndProject
Project("{9A19103F-16F7-4668-BE54-9A1E7A4F7556}") = "PolymorphismShapes", "PolymorphismShapes\PolymorphismShapes.csproj", "{7E372FAA-70EF-4EF2-8D16-0ED5F490066F}"
EndProject
Project("{FAE04EC0-301F-11D3-BF4B-00C04F79EFBC}") = "Uno", "Uno\Uno.csproj", "{FEDA70CC-B0B1-4E08-BA2C-ADDDAF041C5E}"
EndProject
Global
	GlobalSection(SolutionConfigurationPlatforms) = preSolution
		Debug|Any CPU = Debug|Any CPU
		Release|Any CPU = Release|Any CPU
	EndGlobalSection
	GlobalSection(ProjectConfigurationPlatforms) = postSolution
		{57F35495-2ECA-42A5-A025-86F4FF77CFF6}.Debug|Any CPU.ActiveCfg = Debug|Any CPU
		{57F35495-2ECA-42A5-A025-86F4FF77CFF6}.Debug|Any CPU.Build.0 = Debug|Any CPU
		{57F35495-2ECA-42A5-A025-86F4FF77CFF6}.Release|Any CPU.ActiveCfg = Release|Any CPU
		{57F35495-2ECA-42A5-A025-86F4FF77CFF6}.Release|Any CPU.Build.0 = Release|Any CPU
		{8E7C9A65-6438-4CE8-8B30-55EFACB7BE35}.Debug|Any CPU.ActiveCfg = Debug|Any CPU
		{8E7C9A65-6438-4CE8-8B30-55EFACB7BE35}.Debug|Any CPU.Build.0 = Debug|Any CPU
		{8E7C9A65-6438-4CE8-8B30-55EFACB7BE35}.Release|Any CPU.ActiveCfg = Release|Any CPU
		{8E7C9A65-6438-4CE8-8B30-55EFACB7BE35}.Release|Any CPU.Build.0 = Release|Any CPU
		{7E372FAA-70EF-4EF2-8D16-0ED5F490066F}.Debug|Any CPU.ActiveCfg = Debug|Any CPU
		{7E372FAA-70EF-4EF2-8D16-0ED5F490066F}.Debug|Any CPU.Build.0 = Debug|Any CPU
		{7E372FAA-70EF-4EF2-8D16-0ED5F490066F}.Release|Any CPU.ActiveCfg = Release|Any CPU
		{7E372FAA-70EF-4EF2-8D16-0ED5F490066F}.Release|Any CPU.Build.0 = Release|Any CPU
		{FEDA70CC-B0B1-4E08-BA2C-ADDDAF041C5E}.Debug|Any CPU.ActiveCfg = Debug|Any CPU
		{FEDA70CC-B0B1-4E08-BA2C-ADDDAF041C5E}.Debug|Any CPU.Build.0 = Debug|Any CPU
		{FEDA70CC-B0B1-4E08-BA2C-ADDDAF041C5E}.Release|Any CPU.ActiveCfg = Release|Any CPU
		{FEDA70CC-B0B1-4E08-BA2C-ADDDAF041C5E}.Release|Any CPU.Build.0 = Release|Any CPU
	EndGlobalSection
	GlobalSection(SolutionProperties) = preSolution
		HideSolutionNode = FALSE
	EndGlobalSection
	GlobalSection(ExtensibilityGlobals) = postSolution
		SolutionGuid = {B3DCD3FF-2284-4204-963F-7AD81897862F}
	EndGlobalSection
EndGlobal
